
Microsoft Visual Studio Solution File, Format Version 12.00
# Visual Studio Version 17
VisualStudioVersion = 17.3.32929.385
MinimumVisualStudioVersion = 10.0.40219.1
Project("{FAE04EC0-301F-11D3-BF4B-00C04F79EFBC}") = "PackingWinFormsApp", "PackingWinFormsApp\PackingWinFormsApp.csproj", "{E09E135A-DDE6-4455-A457-3F8D7060AB3B}"
EndProject
Global
	GlobalSection(SolutionConfigurationPlatforms) = preSolution
		Debug|Any CPU = Debug|Any CPU
		Release|Any CPU = Release|Any CPU
	EndGlobalSection
	GlobalSection(ProjectConfigurationPlatforms) = postSolution
		{E09E135A-DDE6-4455-A457-3F8D7060AB3B}.Debug|Any CPU.ActiveCfg = Debug|Any CPU
		{E09E135A-DDE6-4455-A457-3F8D7060AB3B}.Debug|Any CPU.Build.0 = Debug|Any CPU
		{E09E135A-DDE6-4455-A457-3F8D7060AB3B}.Release|Any CPU.ActiveCfg = Release|Any CPU
		{E09E135A-DDE6-4455-A457-3F8D7060AB3B}.Release|Any CPU.Build.0 = Release|Any CPU
	EndGlobalSection
	GlobalSection(SolutionProperties) = preSolution
		HideSolutionNode = FALSE
	EndGlobalSection
	GlobalSection(ExtensibilityGlobals) = postSolution
		SolutionGuid = {BC8ECE66-972D-4A07-B442-DD5E9962849B}
	EndGlobalSection
EndGlobal
